
Microsoft Visual Studio Solution File, Format Version 11.00
# Visual Studio 2010
Project("{FAE04EC0-301F-11D3-BF4B-00C04F79EFBC}") = "Assembly-CSharp", "Assembly-CSharp.csproj", "{F3B3959F-E275-B3F2-FF28-5EE4F65C9351}"
EndProject
Project("{FAE04EC0-301F-11D3-BF4B-00C04F79EFBC}") = "Assembly-CSharp-Editor", "Assembly-CSharp-Editor.csproj", "{71AF1669-D71F-2FE0-B216-14D748316FED}"
EndProject
Global
	GlobalSection(SolutionConfigurationPlatforms) = preSolution
		Debug|Any CPU = Debug|Any CPU
		Release|Any CPU = Release|Any CPU
	EndGlobalSection
	GlobalSection(ProjectConfigurationPlatforms) = postSolution
		{F3B3959F-E275-B3F2-FF28-5EE4F65C9351}.Debug|Any CPU.ActiveCfg = Debug|Any CPU
		{F3B3959F-E275-B3F2-FF28-5EE4F65C9351}.Debug|Any CPU.Build.0 = Debug|Any CPU
		{F3B3959F-E275-B3F2-FF28-5EE4F65C9351}.Release|Any CPU.ActiveCfg = Release|Any CPU
		{F3B3959F-E275-B3F2-FF28-5EE4F65C9351}.Release|Any CPU.Build.0 = Release|Any CPU
		{71AF1669-D71F-2FE0-B216-14D748316FED}.Debug|Any CPU.ActiveCfg = Debug|Any CPU
		{71AF1669-D71F-2FE0-B216-14D748316FED}.Debug|Any CPU.Build.0 = Debug|Any CPU
		{71AF1669-D71F-2FE0-B216-14D748316FED}.Release|Any CPU.ActiveCfg = Release|Any CPU
		{71AF1669-D71F-2FE0-B216-14D748316FED}.Release|Any CPU.Build.0 = Release|Any CPU
	EndGlobalSection
	GlobalSection(SolutionProperties) = preSolution
		HideSolutionNode = FALSE
	EndGlobalSection
	GlobalSection(MonoDevelopProperties) = preSolution
		StartupItem = Assembly-CSharp.csproj
	EndGlobalSection
EndGlobal
